
Microsoft Visual Studio Solution File, Format Version 11.00
# Visual Studio 2010
Project("{FAE04EC0-301F-11D3-BF4B-00C04F79EFBC}") = "UnityGameFramework.Runtime", "UnityGameFramework.Runtime.csproj", "{8d65ceac-a021-3d3b-c44a-fdfe7e4f6112}"
EndProject
Project("{FAE04EC0-301F-11D3-BF4B-00C04F79EFBC}") = "UnityGameFramework.Editor", "UnityGameFramework.Editor.csproj", "{4c25297f-8d54-c619-dbc6-c895ab5152d7}"
EndProject
Project("{FAE04EC0-301F-11D3-BF4B-00C04F79EFBC}") = "Assembly-CSharp", "Assembly-CSharp.csproj", "{ef0e499f-8ea0-f67a-72bd-2295580894f7}"
EndProject
Global
	GlobalSection(SolutionConfigurationPlatforms) = preSolution
		Debug|Any CPU = Debug|Any CPU
	EndGlobalSection
	GlobalSection(ProjectConfigurationPlatforms) = postSolution
		{8d65ceac-a021-3d3b-c44a-fdfe7e4f6112}.Debug|Any CPU.ActiveCfg = Debug|Any CPU
		{8d65ceac-a021-3d3b-c44a-fdfe7e4f6112}.Debug|Any CPU.Build.0 = Debug|Any CPU
		{4c25297f-8d54-c619-dbc6-c895ab5152d7}.Debug|Any CPU.ActiveCfg = Debug|Any CPU
		{4c25297f-8d54-c619-dbc6-c895ab5152d7}.Debug|Any CPU.Build.0 = Debug|Any CPU
		{ef0e499f-8ea0-f67a-72bd-2295580894f7}.Debug|Any CPU.ActiveCfg = Debug|Any CPU
		{ef0e499f-8ea0-f67a-72bd-2295580894f7}.Debug|Any CPU.Build.0 = Debug|Any CPU
	EndGlobalSection
	GlobalSection(SolutionProperties) = preSolution
		HideSolutionNode = FALSE
	EndGlobalSection
EndGlobal
